// !$*UTF8*$!
{
	archiveVersion = 1;
	classes = {
	};
	objectVersion = 46;
	objects = {

/* Begin PBXBuildFile section */
		D0084C021B544B7B00B8985A /* NSString+StdOut.m in Sources */ = {isa = PBXBuildFile; fileRef = D0084C011B544B7B00B8985A /* NSString+StdOut.m */; };
		D0084C081B5455B900B8985A /* CWSCore.m in Sources */ = {isa = PBXBuildFile; fileRef = D0084C071B5455B900B8985A /* CWSCore.m */; };
		D0084C091B5455B900B8985A /* CWSCore.m in Sources */ = {isa = PBXBuildFile; fileRef = D0084C071B5455B900B8985A /* CWSCore.m */; };
		D0084C1C1B5468AC00B8985A /* CWSDirectionTests.m in Sources */ = {isa = PBXBuildFile; fileRef = D0084C1B1B5468AC00B8985A /* CWSDirectionTests.m */; };
		D0084C231B546B8800B8985A /* CWSDirection.m in Sources */ = {isa = PBXBuildFile; fileRef = D0084C201B546B8800B8985A /* CWSDirection.m */; };
		D0084C241B546B8800B8985A /* CWSDirection.m in Sources */ = {isa = PBXBuildFile; fileRef = D0084C201B546B8800B8985A /* CWSDirection.m */; };
		D0084C251B546B8800B8985A /* CWSExecutionVector.m in Sources */ = {isa = PBXBuildFile; fileRef = D0084C221B546B8800B8985A /* CWSExecutionVector.m */; };
		D0084C261B546B8800B8985A /* CWSExecutionVector.m in Sources */ = {isa = PBXBuildFile; fileRef = D0084C221B546B8800B8985A /* CWSExecutionVector.m */; };
		D0084C281B546BAA00B8985A /* CWSExecutionVectorTests.m in Sources */ = {isa = PBXBuildFile; fileRef = D0084C271B546BAA00B8985A /* CWSExecutionVectorTests.m */; };
		D0084C2B1B54F31800B8985A /* CWSConsoleTool.m in Sources */ = {isa = PBXBuildFile; fileRef = D0084C2A1B54F31800B8985A /* CWSConsoleTool.m */; };
		D0084C2C1B54F31800B8985A /* CWSConsoleTool.m in Sources */ = {isa = PBXBuildFile; fileRef = D0084C2A1B54F31800B8985A /* CWSConsoleTool.m */; };
		D08A0B811B53E9C600B746D0 /* main.m in Sources */ = {isa = PBXBuildFile; fileRef = D08A0B801B53E9C600B746D0 /* main.m */; };
/* End PBXBuildFile section */

/* Begin PBXCopyFilesBuildPhase section */
		D08A0B7B1B53E9C600B746D0 /* CopyFiles */ = {
			isa = PBXCopyFilesBuildPhase;
			buildActionMask = 2147483647;
			dstPath = /usr/share/man/man1/;
			dstSubfolderSpec = 0;
			files = (
			);
			runOnlyForDeploymentPostprocessing = 1;
		};
/* End PBXCopyFilesBuildPhase section */

/* Begin PBXFileReference section */
		D0084C001B544B7B00B8985A /* NSString+StdOut.h */ = {isa = PBXFileReference; fileEncoding = 4; lastKnownFileType = sourcecode.c.h; path = "NSString+StdOut.h"; sourceTree = "<group>"; };
		D0084C011B544B7B00B8985A /* NSString+StdOut.m */ = {isa = PBXFileReference; fileEncoding = 4; lastKnownFileType = sourcecode.c.objc; path = "NSString+StdOut.m"; sourceTree = "<group>"; };
		D0084C041B544BF100B8985A /* CWSCategories.h */ = {isa = PBXFileReference; lastKnownFileType = sourcecode.c.h; path = CWSCategories.h; sourceTree = "<group>"; };
		D0084C061B5455B900B8985A /* CWSCore.h */ = {isa = PBXFileReference; fileEncoding = 4; lastKnownFileType = sourcecode.c.h; name = CWSCore.h; path = ../../sources/CWSCore.h; sourceTree = "<group>"; };
		D0084C071B5455B900B8985A /* CWSCore.m */ = {isa = PBXFileReference; fileEncoding = 4; lastKnownFileType = sourcecode.c.objc; name = CWSCore.m; path = ../../sources/CWSCore.m; sourceTree = "<group>"; };
		D0084C1B1B5468AC00B8985A /* CWSDirectionTests.m */ = {isa = PBXFileReference; fileEncoding = 4; lastKnownFileType = sourcecode.c.objc; name = CWSDirectionTests.m; path = ../../tests/CWSDirectionTests.m; sourceTree = "<group>"; };
		D0084C1F1B546B8800B8985A /* CWSDirection.h */ = {isa = PBXFileReference; fileEncoding = 4; lastKnownFileType = sourcecode.c.h; name = CWSDirection.h; path = ../../sources/CWSDirection.h; sourceTree = "<group>"; };
		D0084C201B546B8800B8985A /* CWSDirection.m */ = {isa = PBXFileReference; fileEncoding = 4; lastKnownFileType = sourcecode.c.objc; name = CWSDirection.m; path = ../../sources/CWSDirection.m; sourceTree = "<group>"; };
		D0084C211B546B8800B8985A /* CWSExecutionVector.h */ = {isa = PBXFileReference; fileEncoding = 4; lastKnownFileType = sourcecode.c.h; name = CWSExecutionVector.h; path = ../../sources/CWSExecutionVector.h; sourceTree = "<group>"; };
		D0084C221B546B8800B8985A /* CWSExecutionVector.m */ = {isa = PBXFileReference; fileEncoding = 4; lastKnownFileType = sourcecode.c.objc; name = CWSExecutionVector.m; path = ../../sources/CWSExecutionVector.m; sourceTree = "<group>"; };
		D0084C271B546BAA00B8985A /* CWSExecutionVectorTests.m */ = {isa = PBXFileReference; fileEncoding = 4; lastKnownFileType = sourcecode.c.objc; name = CWSExecutionVectorTests.m; path = ../../tests/CWSExecutionVectorTests.m; sourceTree = "<group>"; };
		D0084C291B54F31800B8985A /* CWSConsoleTool.h */ = {isa = PBXFileReference; fileEncoding = 4; lastKnownFileType = sourcecode.c.h; path = CWSConsoleTool.h; sourceTree = "<group>"; };
		D0084C2A1B54F31800B8985A /* CWSConsoleTool.m */ = {isa = PBXFileReference; fileEncoding = 4; lastKnownFileType = sourcecode.c.objc; path = CWSConsoleTool.m; sourceTree = "<group>"; };
		D08A0B7D1B53E9C600B746D0 /* yafacwesConsole */ = {isa = PBXFileReference; explicitFileType = "compiled.mach-o.executable"; includeInIndex = 0; path = yafacwesConsole; sourceTree = BUILT_PRODUCTS_DIR; };
		D08A0B801B53E9C600B746D0 /* main.m */ = {isa = PBXFileReference; lastKnownFileType = sourcecode.c.objc; path = main.m; sourceTree = "<group>"; };
		D08A0B8B1B53EBC100B746D0 /* yafacwesConsoleTests.xctest */ = {isa = PBXFileReference; explicitFileType = wrapper.cfbundle; includeInIndex = 0; path = yafacwesConsoleTests.xctest; sourceTree = BUILT_PRODUCTS_DIR; };
		D08A0B8E1B53EBC100B746D0 /* Info.plist */ = {isa = PBXFileReference; lastKnownFileType = text.plist.xml; path = Info.plist; sourceTree = "<group>"; };
/* End PBXFileReference section */

/* Begin PBXFrameworksBuildPhase section */
		D08A0B7A1B53E9C600B746D0 /* Frameworks */ = {
			isa = PBXFrameworksBuildPhase;
			buildActionMask = 2147483647;
			files = (
			);
			runOnlyForDeploymentPostprocessing = 0;
		};
		D08A0B881B53EBC100B746D0 /* Frameworks */ = {
			isa = PBXFrameworksBuildPhase;
			buildActionMask = 2147483647;
			files = (
			);
			runOnlyForDeploymentPostprocessing = 0;
		};
/* End PBXFrameworksBuildPhase section */

/* Begin PBXGroup section */
		D0084C031B544BA600B8985A /* Categories */ = {
			isa = PBXGroup;
			children = (
				D0084C041B544BF100B8985A /* CWSCategories.h */,
				D0084C001B544B7B00B8985A /* NSString+StdOut.h */,
				D0084C011B544B7B00B8985A /* NSString+StdOut.m */,
			);
			name = Categories;
			sourceTree = "<group>";
		};
		D0084C0A1B5455C000B8985A /* Core */ = {
			isa = PBXGroup;
			children = (
				D0084C061B5455B900B8985A /* CWSCore.h */,
				D0084C071B5455B900B8985A /* CWSCore.m */,
				D0084C1F1B546B8800B8985A /* CWSDirection.h */,
				D0084C201B546B8800B8985A /* CWSDirection.m */,
				D0084C211B546B8800B8985A /* CWSExecutionVector.h */,
				D0084C221B546B8800B8985A /* CWSExecutionVector.m */,
			);
			name = Core;
			sourceTree = "<group>";
		};
		D08A0B741B53E9C600B746D0 = {
			isa = PBXGroup;
			children = (
				D08A0B7F1B53E9C600B746D0 /* yafacwesConsole */,
				D08A0B8C1B53EBC100B746D0 /* yafacwesConsoleTests */,
				D08A0B7E1B53E9C600B746D0 /* Products */,
			);
			sourceTree = "<group>";
		};
		D08A0B7E1B53E9C600B746D0 /* Products */ = {
			isa = PBXGroup;
			children = (
				D08A0B7D1B53E9C600B746D0 /* yafacwesConsole */,
				D08A0B8B1B53EBC100B746D0 /* yafacwesConsoleTests.xctest */,
			);
			name = Products;
			sourceTree = "<group>";
		};
		D08A0B7F1B53E9C600B746D0 /* yafacwesConsole */ = {
			isa = PBXGroup;
			children = (
				D08A0B801B53E9C600B746D0 /* main.m */,
				D0084C031B544BA600B8985A /* Categories */,
				D0084C0A1B5455C000B8985A /* Core */,
				D0084C291B54F31800B8985A /* CWSConsoleTool.h */,
				D0084C2A1B54F31800B8985A /* CWSConsoleTool.m */,
			);
			path = yafacwesConsole;
			sourceTree = "<group>";
		};
		D08A0B8C1B53EBC100B746D0 /* yafacwesConsoleTests */ = {
			isa = PBXGroup;
			children = (
				D0084C1B1B5468AC00B8985A /* CWSDirectionTests.m */,
				D0084C271B546BAA00B8985A /* CWSExecutionVectorTests.m */,
				D08A0B8D1B53EBC100B746D0 /* Supporting Files */,
			);
			path = yafacwesConsoleTests;
			sourceTree = "<group>";
		};
		D08A0B8D1B53EBC100B746D0 /* Supporting Files */ = {
			isa = PBXGroup;
			children = (
				D08A0B8E1B53EBC100B746D0 /* Info.plist */,
			);
			name = "Supporting Files";
			sourceTree = "<group>";
		};
/* End PBXGroup section */

/* Begin PBXNativeTarget section */
		D08A0B7C1B53E9C600B746D0 /* yafacwesConsole */ = {
			isa = PBXNativeTarget;
			buildConfigurationList = D08A0B841B53E9C600B746D0 /* Build configuration list for PBXNativeTarget "yafacwesConsole" */;
			buildPhases = (
				D08A0B791B53E9C600B746D0 /* Sources */,
				D08A0B7A1B53E9C600B746D0 /* Frameworks */,
				D08A0B7B1B53E9C600B746D0 /* CopyFiles */,
			);
			buildRules = (
			);
			dependencies = (
			);
			name = yafacwesConsole;
			productName = yafacwesConsole;
			productReference = D08A0B7D1B53E9C600B746D0 /* yafacwesConsole */;
			productType = "com.apple.product-type.tool";
		};
		D08A0B8A1B53EBC100B746D0 /* yafacwesConsoleTests */ = {
			isa = PBXNativeTarget;
			buildConfigurationList = D08A0B931B53EBC100B746D0 /* Build configuration list for PBXNativeTarget "yafacwesConsoleTests" */;
			buildPhases = (
				D08A0B871B53EBC100B746D0 /* Sources */,
				D08A0B881B53EBC100B746D0 /* Frameworks */,
				D08A0B891B53EBC100B746D0 /* Resources */,
			);
			buildRules = (
			);
			dependencies = (
			);
			name = yafacwesConsoleTests;
			productName = yafacwesConsoleTests;
			productReference = D08A0B8B1B53EBC100B746D0 /* yafacwesConsoleTests.xctest */;
			productType = "com.apple.product-type.bundle.unit-test";
		};
/* End PBXNativeTarget section */

/* Begin PBXProject section */
		D08A0B751B53E9C600B746D0 /* Project object */ = {
			isa = PBXProject;
			attributes = {
				LastUpgradeCheck = 0630;
				ORGANIZATIONNAME = pinguzaph;
				TargetAttributes = {
					D08A0B7C1B53E9C600B746D0 = {
						CreatedOnToolsVersion = 6.3.2;
					};
					D08A0B8A1B53EBC100B746D0 = {
						CreatedOnToolsVersion = 6.3.2;
					};
				};
			};
			buildConfigurationList = D08A0B781B53E9C600B746D0 /* Build configuration list for PBXProject "yafacwesConsole" */;
			compatibilityVersion = "Xcode 3.2";
			developmentRegion = English;
			hasScannedForEncodings = 0;
			knownRegions = (
				en,
			);
			mainGroup = D08A0B741B53E9C600B746D0;
			productRefGroup = D08A0B7E1B53E9C600B746D0 /* Products */;
			projectDirPath = "";
			projectRoot = "";
			targets = (
				D08A0B7C1B53E9C600B746D0 /* yafacwesConsole */,
				D08A0B8A1B53EBC100B746D0 /* yafacwesConsoleTests */,
			);
		};
/* End PBXProject section */

/* Begin PBXResourcesBuildPhase section */
		D08A0B891B53EBC100B746D0 /* Resources */ = {
			isa = PBXResourcesBuildPhase;
			buildActionMask = 2147483647;
			files = (
			);
			runOnlyForDeploymentPostprocessing = 0;
		};
/* End PBXResourcesBuildPhase section */

/* Begin PBXSourcesBuildPhase section */
		D08A0B791B53E9C600B746D0 /* Sources */ = {
			isa = PBXSourcesBuildPhase;
			buildActionMask = 2147483647;
			files = (
				D0084C021B544B7B00B8985A /* NSString+StdOut.m in Sources */,
				D0084C2B1B54F31800B8985A /* CWSConsoleTool.m in Sources */,
				D0084C251B546B8800B8985A /* CWSExecutionVector.m in Sources */,
				D08A0B811B53E9C600B746D0 /* main.m in Sources */,
				D0084C081B5455B900B8985A /* CWSCore.m in Sources */,
				D0084C231B546B8800B8985A /* CWSDirection.m in Sources */,
			);
			runOnlyForDeploymentPostprocessing = 0;
		};
		D08A0B871B53EBC100B746D0 /* Sources */ = {
			isa = PBXSourcesBuildPhase;
			buildActionMask = 2147483647;
			files = (
				D0084C091B5455B900B8985A /* CWSCore.m in Sources */,
				D0084C2C1B54F31800B8985A /* CWSConsoleTool.m in Sources */,
				D0084C261B546B8800B8985A /* CWSExecutionVector.m in Sources */,
				D0084C1C1B5468AC00B8985A /* CWSDirectionTests.m in Sources */,
				D0084C241B546B8800B8985A /* CWSDirection.m in Sources */,
				D0084C281B546BAA00B8985A /* CWSExecutionVectorTests.m in Sources */,
			);
			runOnlyForDeploymentPostprocessing = 0;
		};
/* End PBXSourcesBuildPhase section */

/* Begin XCBuildConfiguration section */
		D08A0B821B53E9C600B746D0 /* Debug */ = {
			isa = XCBuildConfiguration;
			buildSettings = {
				ALWAYS_SEARCH_USER_PATHS = NO;
				CLANG_CXX_LANGUAGE_STANDARD = "gnu++0x";
				CLANG_CXX_LIBRARY = "libc++";
				CLANG_ENABLE_MODULES = YES;
				CLANG_ENABLE_OBJC_ARC = YES;
				CLANG_WARN_BOOL_CONVERSION = YES;
				CLANG_WARN_CONSTANT_CONVERSION = YES;
				CLANG_WARN_DIRECT_OBJC_ISA_USAGE = YES_ERROR;
				CLANG_WARN_EMPTY_BODY = YES;
				CLANG_WARN_ENUM_CONVERSION = YES;
				CLANG_WARN_INT_CONVERSION = YES;
				CLANG_WARN_OBJC_ROOT_CLASS = YES_ERROR;
				CLANG_WARN_UNREACHABLE_CODE = YES;
				CLANG_WARN__DUPLICATE_METHOD_MATCH = YES;
				COPY_PHASE_STRIP = NO;
				DEBUG_INFORMATION_FORMAT = dwarf;
				ENABLE_STRICT_OBJC_MSGSEND = YES;
				GCC_C_LANGUAGE_STANDARD = gnu99;
				GCC_DYNAMIC_NO_PIC = NO;
				GCC_NO_COMMON_BLOCKS = YES;
				GCC_OPTIMIZATION_LEVEL = 0;
				GCC_PREPROCESSOR_DEFINITIONS = (
					"DEBUG=1",
					"$(inherited)",
				);
				GCC_SYMBOLS_PRIVATE_EXTERN = NO;
				GCC_WARN_64_TO_32_BIT_CONVERSION = YES;
				GCC_WARN_ABOUT_RETURN_TYPE = YES_ERROR;
				GCC_WARN_UNDECLARED_SELECTOR = YES;
				GCC_WARN_UNINITIALIZED_AUTOS = YES_AGGRESSIVE;
				GCC_WARN_UNUSED_FUNCTION = YES;
				GCC_WARN_UNUSED_VARIABLE = YES;
				MACOSX_DEPLOYMENT_TARGET = 10.10;
				MTL_ENABLE_DEBUG_INFO = YES;
				ONLY_ACTIVE_ARCH = YES;
				SDKROOT = macosx;
			};
			name = Debug;
		};
		D08A0B831B53E9C600B746D0 /* Release */ = {
			isa = XCBuildConfiguration;
			buildSettings = {
				ALWAYS_SEARCH_USER_PATHS = NO;
				CLANG_CXX_LANGUAGE_STANDARD = "gnu++0x";
				CLANG_CXX_LIBRARY = "libc++";
				CLANG_ENABLE_MODULES = YES;
				CLANG_ENABLE_OBJC_ARC = YES;
				CLANG_WARN_BOOL_CONVERSION = YES;
				CLANG_WARN_CONSTANT_CONVERSION = YES;
				CLANG_WARN_DIRECT_OBJC_ISA_USAGE = YES_ERROR;
				CLANG_WARN_EMPTY_BODY = YES;
				CLANG_WARN_ENUM_CONVERSION = YES;
				CLANG_WARN_INT_CONVERSION = YES;
				CLANG_WARN_OBJC_ROOT_CLASS = YES_ERROR;
				CLANG_WARN_UNREACHABLE_CODE = YES;
				CLANG_WARN__DUPLICATE_METHOD_MATCH = YES;
				COPY_PHASE_STRIP = NO;
				DEBUG_INFORMATION_FORMAT = "dwarf-with-dsym";
				ENABLE_NS_ASSERTIONS = NO;
				ENABLE_STRICT_OBJC_MSGSEND = YES;
				GCC_C_LANGUAGE_STANDARD = gnu99;
				GCC_NO_COMMON_BLOCKS = YES;
				GCC_WARN_64_TO_32_BIT_CONVERSION = YES;
				GCC_WARN_ABOUT_RETURN_TYPE = YES_ERROR;
				GCC_WARN_UNDECLARED_SELECTOR = YES;
				GCC_WARN_UNINITIALIZED_AUTOS = YES_AGGRESSIVE;
				GCC_WARN_UNUSED_FUNCTION = YES;
				GCC_WARN_UNUSED_VARIABLE = YES;
				MACOSX_DEPLOYMENT_TARGET = 10.10;
				MTL_ENABLE_DEBUG_INFO = NO;
				SDKROOT = macosx;
			};
			name = Release;
		};
		D08A0B851B53E9C600B746D0 /* Debug */ = {
			isa = XCBuildConfiguration;
			buildSettings = {
				GCC_PREFIX_HEADER = "";
				PRODUCT_NAME = "$(TARGET_NAME)";
			};
			name = Debug;
		};
		D08A0B861B53E9C600B746D0 /* Release */ = {
			isa = XCBuildConfiguration;
			buildSettings = {
				GCC_PREFIX_HEADER = "";
				PRODUCT_NAME = "$(TARGET_NAME)";
			};
			name = Release;
		};
		D08A0B911B53EBC100B746D0 /* Debug */ = {
			isa = XCBuildConfiguration;
			buildSettings = {
				COMBINE_HIDPI_IMAGES = YES;
				FRAMEWORK_SEARCH_PATHS = (
					"$(DEVELOPER_FRAMEWORKS_DIR)",
					"$(inherited)",
				);
				GCC_PREPROCESSOR_DEFINITIONS = (
					"DEBUG=1",
					"$(inherited)",
				);
				INFOPLIST_FILE = yafacwesConsoleTests/Info.plist;
				LD_RUNPATH_SEARCH_PATHS = "$(inherited) @executable_path/../Frameworks @loader_path/../Frameworks";
				PRODUCT_NAME = "$(TARGET_NAME)";
			};
			name = Debug;
		};
		D08A0B921B53EBC100B746D0 /* Release */ = {
			isa = XCBuildConfiguration;
			buildSettings = {
				COMBINE_HIDPI_IMAGES = YES;
				FRAMEWORK_SEARCH_PATHS = (
					"$(DEVELOPER_FRAMEWORKS_DIR)",
					"$(inherited)",
				);
				INFOPLIST_FILE = yafacwesConsoleTests/Info.plist;
				LD_RUNPATH_SEARCH_PATHS = "$(inherited) @executable_path/../Frameworks @loader_path/../Frameworks";
				PRODUCT_NAME = "$(TARGET_NAME)";
			};
			name = Release;
		};
/* End XCBuildConfiguration section */

/* Begin XCConfigurationList section */
		D08A0B781B53E9C600B746D0 /* Build configuration list for PBXProject "yafacwesConsole" */ = {
			isa = XCConfigurationList;
			buildConfigurations = (
				D08A0B821B53E9C600B746D0 /* Debug */,
				D08A0B831B53E9C600B746D0 /* Release */,
			);
			defaultConfigurationIsVisible = 0;
			defaultConfigurationName = Release;
		};
		D08A0B841B53E9C600B746D0 /* Build configuration list for PBXNativeTarget "yafacwesConsole" */ = {
			isa = XCConfigurationList;
			buildConfigurations = (
				D08A0B851B53E9C600B746D0 /* Debug */,
				D08A0B861B53E9C600B746D0 /* Release */,
			);
			defaultConfigurationIsVisible = 0;
			defaultConfigurationName = Release;
		};
		D08A0B931B53EBC100B746D0 /* Build configuration list for PBXNativeTarget "yafacwesConsoleTests" */ = {
			isa = XCConfigurationList;
			buildConfigurations = (
				D08A0B911B53EBC100B746D0 /* Debug */,
				D08A0B921B53EBC100B746D0 /* Release */,
			);
			defaultConfigurationIsVisible = 0;
			defaultConfigurationName = Release;
		};
/* End XCConfigurationList section */
	};
	rootObject = D08A0B751B53E9C600B746D0 /* Project object */;
}
